{
  "version": 4,
  "terraform_version": "1.0.5",
  "serial": 4,
  "lineage": "b3b35da6-5e7b-7246-23aa-66b5d22b120e",
  "outputs": {},
  "resources": [
    {
      "mode": "managed",
      "type": "local_file",
      "name": "games",
      "provider": "provider[\"registry.terraform.io/hashicorp/local\"]",
      "instances": [
        {
          "schema_version": 0,
          "attributes": {
            "content": "FIFA 11",
            "content_base64": null,
            "directory_permission": "0777",
            "file_permission": "0777",
            "filename": "/Users/vinay/DevOps/Terraform/Learn/favorite-games",
            "id": "0c2dd733bd033f240d09bf95e6fbaab2a2b04e19",
            "sensitive_content": null,
            "source": null
          },
          "sensitive_attributes": [],
          "private": "bnVsbA=="
        }
      ]
    }
  ]
}
